// !$*UTF8*$!
{
	archiveVersion = 1;
	classes = {
	};
	objectVersion = 46;
	objects = {

/* Begin PBXBuildFile section */
		46357BCC1E371B9E00EC489E /* NRArticlesVC.swift in Sources */ = {isa = PBXBuildFile; fileRef = 46357BCB1E371B9E00EC489E /* NRArticlesVC.swift */; };
		46357BCE1E371BB100EC489E /* NRSourcesVC.swift in Sources */ = {isa = PBXBuildFile; fileRef = 46357BCD1E371BB100EC489E /* NRSourcesVC.swift */; };
		46357BD41E37B17200EC489E /* NRArticleCollectionViewCell.swift in Sources */ = {isa = PBXBuildFile; fileRef = 46357BD31E37B17200EC489E /* NRArticleCollectionViewCell.swift */; };
		46357BD61E37B18300EC489E /* NRSourceCollectionViewCell.swift in Sources */ = {isa = PBXBuildFile; fileRef = 46357BD51E37B18300EC489E /* NRSourceCollectionViewCell.swift */; };
		466CEC381E37D6A9005804CF /* NRArticleDetailVC.swift in Sources */ = {isa = PBXBuildFile; fileRef = 466CEC371E37D6A9005804CF /* NRArticleDetailVC.swift */; };
		466F6DEC1E366557001FEE5B /* NRHTTPRequest.swift in Sources */ = {isa = PBXBuildFile; fileRef = 466F6DEB1E366557001FEE5B /* NRHTTPRequest.swift */; };
		466F6DEE1E3665A7001FEE5B /* NRNetworkManager.swift in Sources */ = {isa = PBXBuildFile; fileRef = 466F6DED1E3665A7001FEE5B /* NRNetworkManager.swift */; };
		466F6DF01E366BA1001FEE5B /* NRHTTPResponse.swift in Sources */ = {isa = PBXBuildFile; fileRef = 466F6DEF1E366BA1001FEE5B /* NRHTTPResponse.swift */; };
		466F6DF21E36705D001FEE5B /* NRArticle.swift in Sources */ = {isa = PBXBuildFile; fileRef = 466F6DF11E36705D001FEE5B /* NRArticle.swift */; };
		466F6DF41E3670BE001FEE5B /* NRDBManager.swift in Sources */ = {isa = PBXBuildFile; fileRef = 466F6DF31E3670BE001FEE5B /* NRDBManager.swift */; };
		466F6DF81E3699AA001FEE5B /* NRSource.swift in Sources */ = {isa = PBXBuildFile; fileRef = 466F6DF71E3699AA001FEE5B /* NRSource.swift */; };
		46D7F9C51E36633200A453E3 /* AppDelegate.swift in Sources */ = {isa = PBXBuildFile; fileRef = 46D7F9C41E36633200A453E3 /* AppDelegate.swift */; };
		46D7F9C71E36633200A453E3 /* NRMainVC.swift in Sources */ = {isa = PBXBuildFile; fileRef = 46D7F9C61E36633200A453E3 /* NRMainVC.swift */; };
		46D7F9CA1E36633200A453E3 /* Main.storyboard in Resources */ = {isa = PBXBuildFile; fileRef = 46D7F9C81E36633200A453E3 /* Main.storyboard */; };
		46D7F9CD1E36633200A453E3 /* NewReader.xcdatamodeld in Sources */ = {isa = PBXBuildFile; fileRef = 46D7F9CB1E36633200A453E3 /* NewReader.xcdatamodeld */; };
		46D7F9CF1E36633200A453E3 /* Assets.xcassets in Resources */ = {isa = PBXBuildFile; fileRef = 46D7F9CE1E36633200A453E3 /* Assets.xcassets */; };
		46D7F9D21E36633200A453E3 /* LaunchScreen.storyboard in Resources */ = {isa = PBXBuildFile; fileRef = 46D7F9D01E36633200A453E3 /* LaunchScreen.storyboard */; };
		46D7F9DD1E36633200A453E3 /* NewReaderTests.swift in Sources */ = {isa = PBXBuildFile; fileRef = 46D7F9DC1E36633200A453E3 /* NewReaderTests.swift */; };
		46D7F9E81E36633300A453E3 /* NewReaderUITests.swift in Sources */ = {isa = PBXBuildFile; fileRef = 46D7F9E71E36633300A453E3 /* NewReaderUITests.swift */; };
		9A80A215966EF30FC81A5E65 /* Pods_NewReaderUITests.framework in Frameworks */ = {isa = PBXBuildFile; fileRef = 2EC3769B633940D4B951A18E /* Pods_NewReaderUITests.framework */; };
		BC9D66E67473FD70BDD13F67 /* Pods_NewReaderTests.framework in Frameworks */ = {isa = PBXBuildFile; fileRef = 597D7846C3B47A1533F45154 /* Pods_NewReaderTests.framework */; };
		DF64A3535D52CDD91A95CF7E /* Pods_NewReader.framework in Frameworks */ = {isa = PBXBuildFile; fileRef = FCF6B219D938981C69389A42 /* Pods_NewReader.framework */; };
/* End PBXBuildFile section */

/* Begin PBXContainerItemProxy section */
		46D7F9D91E36633200A453E3 /* PBXContainerItemProxy */ = {
			isa = PBXContainerItemProxy;
			containerPortal = 46D7F9B91E36633200A453E3 /* Project object */;
			proxyType = 1;
			remoteGlobalIDString = 46D7F9C01E36633200A453E3;
			remoteInfo = NewReader;
		};
		46D7F9E41E36633300A453E3 /* PBXContainerItemProxy */ = {
			isa = PBXContainerItemProxy;
			containerPortal = 46D7F9B91E36633200A453E3 /* Project object */;
			proxyType = 1;
			remoteGlobalIDString = 46D7F9C01E36633200A453E3;
			remoteInfo = NewReader;
		};
/* End PBXContainerItemProxy section */

/* Begin PBXFileReference section */
		2EC3769B633940D4B951A18E /* Pods_NewReaderUITests.framework */ = {isa = PBXFileReference; explicitFileType = wrapper.framework; includeInIndex = 0; path = Pods_NewReaderUITests.framework; sourceTree = BUILT_PRODUCTS_DIR; };
		46357BCB1E371B9E00EC489E /* NRArticlesVC.swift */ = {isa = PBXFileReference; fileEncoding = 4; lastKnownFileType = sourcecode.swift; path = NRArticlesVC.swift; sourceTree = "<group>"; };
		46357BCD1E371BB100EC489E /* NRSourcesVC.swift */ = {isa = PBXFileReference; fileEncoding = 4; lastKnownFileType = sourcecode.swift; path = NRSourcesVC.swift; sourceTree = "<group>"; };
		46357BD31E37B17200EC489E /* NRArticleCollectionViewCell.swift */ = {isa = PBXFileReference; fileEncoding = 4; lastKnownFileType = sourcecode.swift; path = NRArticleCollectionViewCell.swift; sourceTree = "<group>"; };
		46357BD51E37B18300EC489E /* NRSourceCollectionViewCell.swift */ = {isa = PBXFileReference; fileEncoding = 4; lastKnownFileType = sourcecode.swift; path = NRSourceCollectionViewCell.swift; sourceTree = "<group>"; };
		466CEC371E37D6A9005804CF /* NRArticleDetailVC.swift */ = {isa = PBXFileReference; fileEncoding = 4; lastKnownFileType = sourcecode.swift; path = NRArticleDetailVC.swift; sourceTree = "<group>"; };
		466F6DEB1E366557001FEE5B /* NRHTTPRequest.swift */ = {isa = PBXFileReference; fileEncoding = 4; lastKnownFileType = sourcecode.swift; path = NRHTTPRequest.swift; sourceTree = "<group>"; };
		466F6DED1E3665A7001FEE5B /* NRNetworkManager.swift */ = {isa = PBXFileReference; fileEncoding = 4; lastKnownFileType = sourcecode.swift; path = NRNetworkManager.swift; sourceTree = "<group>"; };
		466F6DEF1E366BA1001FEE5B /* NRHTTPResponse.swift */ = {isa = PBXFileReference; fileEncoding = 4; lastKnownFileType = sourcecode.swift; path = NRHTTPResponse.swift; sourceTree = "<group>"; };
		466F6DF11E36705D001FEE5B /* NRArticle.swift */ = {isa = PBXFileReference; fileEncoding = 4; lastKnownFileType = sourcecode.swift; path = NRArticle.swift; sourceTree = "<group>"; };
		466F6DF31E3670BE001FEE5B /* NRDBManager.swift */ = {isa = PBXFileReference; fileEncoding = 4; lastKnownFileType = sourcecode.swift; path = NRDBManager.swift; sourceTree = "<group>"; };
		466F6DF71E3699AA001FEE5B /* NRSource.swift */ = {isa = PBXFileReference; fileEncoding = 4; lastKnownFileType = sourcecode.swift; path = NRSource.swift; sourceTree = "<group>"; };
		46D7F9C11E36633200A453E3 /* NewReader.app */ = {isa = PBXFileReference; explicitFileType = wrapper.application; includeInIndex = 0; path = NewReader.app; sourceTree = BUILT_PRODUCTS_DIR; };
		46D7F9C41E36633200A453E3 /* AppDelegate.swift */ = {isa = PBXFileReference; lastKnownFileType = sourcecode.swift; path = AppDelegate.swift; sourceTree = "<group>"; };
		46D7F9C61E36633200A453E3 /* NRMainVC.swift */ = {isa = PBXFileReference; lastKnownFileType = sourcecode.swift; path = NRMainVC.swift; sourceTree = "<group>"; };
		46D7F9C91E36633200A453E3 /* Base */ = {isa = PBXFileReference; lastKnownFileType = file.storyboard; name = Base; path = Base.lproj/Main.storyboard; sourceTree = "<group>"; };
		46D7F9CC1E36633200A453E3 /* NewReader.xcdatamodel */ = {isa = PBXFileReference; lastKnownFileType = wrapper.xcdatamodel; path = NewReader.xcdatamodel; sourceTree = "<group>"; };
		46D7F9CE1E36633200A453E3 /* Assets.xcassets */ = {isa = PBXFileReference; lastKnownFileType = folder.assetcatalog; path = Assets.xcassets; sourceTree = "<group>"; };
		46D7F9D11E36633200A453E3 /* Base */ = {isa = PBXFileReference; lastKnownFileType = file.storyboard; name = Base; path = Base.lproj/LaunchScreen.storyboard; sourceTree = "<group>"; };
		46D7F9D31E36633200A453E3 /* Info.plist */ = {isa = PBXFileReference; lastKnownFileType = text.plist.xml; path = Info.plist; sourceTree = "<group>"; };
		46D7F9D81E36633200A453E3 /* NewReaderTests.xctest */ = {isa = PBXFileReference; explicitFileType = wrapper.cfbundle; includeInIndex = 0; path = NewReaderTests.xctest; sourceTree = BUILT_PRODUCTS_DIR; };
		46D7F9DC1E36633200A453E3 /* NewReaderTests.swift */ = {isa = PBXFileReference; lastKnownFileType = sourcecode.swift; path = NewReaderTests.swift; sourceTree = "<group>"; };
		46D7F9DE1E36633200A453E3 /* Info.plist */ = {isa = PBXFileReference; lastKnownFileType = text.plist.xml; path = Info.plist; sourceTree = "<group>"; };
		46D7F9E31E36633300A453E3 /* NewReaderUITests.xctest */ = {isa = PBXFileReference; explicitFileType = wrapper.cfbundle; includeInIndex = 0; path = NewReaderUITests.xctest; sourceTree = BUILT_PRODUCTS_DIR; };
		46D7F9E71E36633300A453E3 /* NewReaderUITests.swift */ = {isa = PBXFileReference; lastKnownFileType = sourcecode.swift; path = NewReaderUITests.swift; sourceTree = "<group>"; };
		46D7F9E91E36633300A453E3 /* Info.plist */ = {isa = PBXFileReference; lastKnownFileType = text.plist.xml; path = Info.plist; sourceTree = "<group>"; };
		581D293BAEFE9EEEAE56D959 /* Pods-NewReaderUITests.release.xcconfig */ = {isa = PBXFileReference; includeInIndex = 1; lastKnownFileType = text.xcconfig; name = "Pods-NewReaderUITests.release.xcconfig"; path = "Pods/Target Support Files/Pods-NewReaderUITests/Pods-NewReaderUITests.release.xcconfig"; sourceTree = "<group>"; };
		597D7846C3B47A1533F45154 /* Pods_NewReaderTests.framework */ = {isa = PBXFileReference; explicitFileType = wrapper.framework; includeInIndex = 0; path = Pods_NewReaderTests.framework; sourceTree = BUILT_PRODUCTS_DIR; };
		83C66AED5ECF240AE3852510 /* Pods-NewReader.debug.xcconfig */ = {isa = PBXFileReference; includeInIndex = 1; lastKnownFileType = text.xcconfig; name = "Pods-NewReader.debug.xcconfig"; path = "Pods/Target Support Files/Pods-NewReader/Pods-NewReader.debug.xcconfig"; sourceTree = "<group>"; };
		8CC3785184199C4D721B4327 /* Pods-NewReaderTests.release.xcconfig */ = {isa = PBXFileReference; includeInIndex = 1; lastKnownFileType = text.xcconfig; name = "Pods-NewReaderTests.release.xcconfig"; path = "Pods/Target Support Files/Pods-NewReaderTests/Pods-NewReaderTests.release.xcconfig"; sourceTree = "<group>"; };
		B70BA6C8F2DDFE3627CD9FFD /* Pods-NewReaderUITests.debug.xcconfig */ = {isa = PBXFileReference; includeInIndex = 1; lastKnownFileType = text.xcconfig; name = "Pods-NewReaderUITests.debug.xcconfig"; path = "Pods/Target Support Files/Pods-NewReaderUITests/Pods-NewReaderUITests.debug.xcconfig"; sourceTree = "<group>"; };
		D03C843EA7DA77DB42E5C4D4 /* Pods-NewReader.release.xcconfig */ = {isa = PBXFileReference; includeInIndex = 1; lastKnownFileType = text.xcconfig; name = "Pods-NewReader.release.xcconfig"; path = "Pods/Target Support Files/Pods-NewReader/Pods-NewReader.release.xcconfig"; sourceTree = "<group>"; };
		F46571411811156148B01A2B /* Pods-NewReaderTests.debug.xcconfig */ = {isa = PBXFileReference; includeInIndex = 1; lastKnownFileType = text.xcconfig; name = "Pods-NewReaderTests.debug.xcconfig"; path = "Pods/Target Support Files/Pods-NewReaderTests/Pods-NewReaderTests.debug.xcconfig"; sourceTree = "<group>"; };
		FCF6B219D938981C69389A42 /* Pods_NewReader.framework */ = {isa = PBXFileReference; explicitFileType = wrapper.framework; includeInIndex = 0; path = Pods_NewReader.framework; sourceTree = BUILT_PRODUCTS_DIR; };
/* End PBXFileReference section */

/* Begin PBXFrameworksBuildPhase section */
		46D7F9BE1E36633200A453E3 /* Frameworks */ = {
			isa = PBXFrameworksBuildPhase;
			buildActionMask = 2147483647;
			files = (
				DF64A3535D52CDD91A95CF7E /* Pods_NewReader.framework in Frameworks */,
			);
			runOnlyForDeploymentPostprocessing = 0;
		};
		46D7F9D51E36633200A453E3 /* Frameworks */ = {
			isa = PBXFrameworksBuildPhase;
			buildActionMask = 2147483647;
			files = (
				BC9D66E67473FD70BDD13F67 /* Pods_NewReaderTests.framework in Frameworks */,
			);
			runOnlyForDeploymentPostprocessing = 0;
		};
		46D7F9E01E36633300A453E3 /* Frameworks */ = {
			isa = PBXFrameworksBuildPhase;
			buildActionMask = 2147483647;
			files = (
				9A80A215966EF30FC81A5E65 /* Pods_NewReaderUITests.framework in Frameworks */,
			);
			runOnlyForDeploymentPostprocessing = 0;
		};
/* End PBXFrameworksBuildPhase section */

/* Begin PBXGroup section */
		46357BCA1E371B6900EC489E /* NRViewControllers */ = {
			isa = PBXGroup;
			children = (
				46D7F9C61E36633200A453E3 /* NRMainVC.swift */,
				46357BCB1E371B9E00EC489E /* NRArticlesVC.swift */,
				46357BCD1E371BB100EC489E /* NRSourcesVC.swift */,
				466CEC371E37D6A9005804CF /* NRArticleDetailVC.swift */,
			);
			name = NRViewControllers;
			sourceTree = "<group>";
		};
		46357BD21E37B12F00EC489E /* NRCollectionViewCells */ = {
			isa = PBXGroup;
			children = (
				46357BD31E37B17200EC489E /* NRArticleCollectionViewCell.swift */,
				46357BD51E37B18300EC489E /* NRSourceCollectionViewCell.swift */,
			);
			name = NRCollectionViewCells;
			sourceTree = "<group>";
		};
		466F6DEA1E3664D3001FEE5B /* NRNetworkRequest */ = {
			isa = PBXGroup;
			children = (
				466F6DED1E3665A7001FEE5B /* NRNetworkManager.swift */,
				466F6DEB1E366557001FEE5B /* NRHTTPRequest.swift */,
				466F6DEF1E366BA1001FEE5B /* NRHTTPResponse.swift */,
			);
			name = NRNetworkRequest;
			sourceTree = "<group>";
		};
		466F6DF61E36985C001FEE5B /* NRNews */ = {
			isa = PBXGroup;
			children = (
				466F6DF11E36705D001FEE5B /* NRArticle.swift */,
				466F6DF71E3699AA001FEE5B /* NRSource.swift */,
			);
			name = NRNews;
			sourceTree = "<group>";
		};
		46D7F9B81E36633200A453E3 = {
			isa = PBXGroup;
			children = (
				46D7F9C31E36633200A453E3 /* NewReader */,
				46D7F9DB1E36633200A453E3 /* NewReaderTests */,
				46D7F9E61E36633300A453E3 /* NewReaderUITests */,
				46D7F9C21E36633200A453E3 /* Products */,
				85A29BE8C4AF6E0340060542 /* Pods */,
				CF456856C3C6E66BF027488D /* Frameworks */,
			);
			sourceTree = "<group>";
		};
		46D7F9C21E36633200A453E3 /* Products */ = {
			isa = PBXGroup;
			children = (
				46D7F9C11E36633200A453E3 /* NewReader.app */,
				46D7F9D81E36633200A453E3 /* NewReaderTests.xctest */,
				46D7F9E31E36633300A453E3 /* NewReaderUITests.xctest */,
			);
			name = Products;
			sourceTree = "<group>";
		};
		46D7F9C31E36633200A453E3 /* NewReader */ = {
			isa = PBXGroup;
			children = (
				46D7F9C41E36633200A453E3 /* AppDelegate.swift */,
				46D7F9C81E36633200A453E3 /* Main.storyboard */,
				46D7F9CE1E36633200A453E3 /* Assets.xcassets */,
				46D7F9D01E36633200A453E3 /* LaunchScreen.storyboard */,
				46D7F9D31E36633200A453E3 /* Info.plist */,
				46D7F9CB1E36633200A453E3 /* NewReader.xcdatamodeld */,
				466F6DF31E3670BE001FEE5B /* NRDBManager.swift */,
				46357BD21E37B12F00EC489E /* NRCollectionViewCells */,
				46357BCA1E371B6900EC489E /* NRViewControllers */,
				466F6DF61E36985C001FEE5B /* NRNews */,
				466F6DEA1E3664D3001FEE5B /* NRNetworkRequest */,
			);
			path = NewReader;
			sourceTree = "<group>";
		};
		46D7F9DB1E36633200A453E3 /* NewReaderTests */ = {
			isa = PBXGroup;
			children = (
				46D7F9DC1E36633200A453E3 /* NewReaderTests.swift */,
				46D7F9DE1E36633200A453E3 /* Info.plist */,
			);
			path = NewReaderTests;
			sourceTree = "<group>";
		};
		46D7F9E61E36633300A453E3 /* NewReaderUITests */ = {
			isa = PBXGroup;
			children = (
				46D7F9E71E36633300A453E3 /* NewReaderUITests.swift */,
				46D7F9E91E36633300A453E3 /* Info.plist */,
			);
			path = NewReaderUITests;
			sourceTree = "<group>";
		};
		85A29BE8C4AF6E0340060542 /* Pods */ = {
			isa = PBXGroup;
			children = (
				83C66AED5ECF240AE3852510 /* Pods-NewReader.debug.xcconfig */,
				D03C843EA7DA77DB42E5C4D4 /* Pods-NewReader.release.xcconfig */,
				F46571411811156148B01A2B /* Pods-NewReaderTests.debug.xcconfig */,
				8CC3785184199C4D721B4327 /* Pods-NewReaderTests.release.xcconfig */,
				B70BA6C8F2DDFE3627CD9FFD /* Pods-NewReaderUITests.debug.xcconfig */,
				581D293BAEFE9EEEAE56D959 /* Pods-NewReaderUITests.release.xcconfig */,
			);
			name = Pods;
			sourceTree = "<group>";
		};
		CF456856C3C6E66BF027488D /* Frameworks */ = {
			isa = PBXGroup;
			children = (
				FCF6B219D938981C69389A42 /* Pods_NewReader.framework */,
				597D7846C3B47A1533F45154 /* Pods_NewReaderTests.framework */,
				2EC3769B633940D4B951A18E /* Pods_NewReaderUITests.framework */,
			);
			name = Frameworks;
			sourceTree = "<group>";
		};
/* End PBXGroup section */

/* Begin PBXNativeTarget section */
		46D7F9C01E36633200A453E3 /* NewReader */ = {
			isa = PBXNativeTarget;
			buildConfigurationList = 46D7F9EC1E36633300A453E3 /* Build configuration list for PBXNativeTarget "NewReader" */;
			buildPhases = (
				1F78D5160DA78B1B262C4CA9 /* [CP] Check Pods Manifest.lock */,
				46D7F9BD1E36633200A453E3 /* Sources */,
				46D7F9BE1E36633200A453E3 /* Frameworks */,
				46D7F9BF1E36633200A453E3 /* Resources */,
				C2F6984AE4716891AB740C5A /* [CP] Embed Pods Frameworks */,
				FE744045D912D0EE8BBD9BC4 /* [CP] Copy Pods Resources */,
			);
			buildRules = (
			);
			dependencies = (
			);
			name = NewReader;
			productName = NewReader;
			productReference = 46D7F9C11E36633200A453E3 /* NewReader.app */;
			productType = "com.apple.product-type.application";
		};
		46D7F9D71E36633200A453E3 /* NewReaderTests */ = {
			isa = PBXNativeTarget;
			buildConfigurationList = 46D7F9EF1E36633300A453E3 /* Build configuration list for PBXNativeTarget "NewReaderTests" */;
			buildPhases = (
				0C1E3598C1A9CD48E5F3CEAD /* [CP] Check Pods Manifest.lock */,
				46D7F9D41E36633200A453E3 /* Sources */,
				46D7F9D51E36633200A453E3 /* Frameworks */,
				46D7F9D61E36633200A453E3 /* Resources */,
				FD33495917F7607332A6732C /* [CP] Embed Pods Frameworks */,
				27FC26E737C51DBAB8F1F58B /* [CP] Copy Pods Resources */,
			);
			buildRules = (
			);
			dependencies = (
				46D7F9DA1E36633200A453E3 /* PBXTargetDependency */,
			);
			name = NewReaderTests;
			productName = NewReaderTests;
			productReference = 46D7F9D81E36633200A453E3 /* NewReaderTests.xctest */;
			productType = "com.apple.product-type.bundle.unit-test";
		};
		46D7F9E21E36633300A453E3 /* NewReaderUITests */ = {
			isa = PBXNativeTarget;
			buildConfigurationList = 46D7F9F21E36633300A453E3 /* Build configuration list for PBXNativeTarget "NewReaderUITests" */;
			buildPhases = (
				5164139B47791903E396EE61 /* [CP] Check Pods Manifest.lock */,
				46D7F9DF1E36633300A453E3 /* Sources */,
				46D7F9E01E36633300A453E3 /* Frameworks */,
				46D7F9E11E36633300A453E3 /* Resources */,
				F512F7DF9C51A7CE5CEC1769 /* [CP] Embed Pods Frameworks */,
				1D15ED1523F4A6A3E615C3BF /* [CP] Copy Pods Resources */,
			);
			buildRules = (
			);
			dependencies = (
				46D7F9E51E36633300A453E3 /* PBXTargetDependency */,
			);
			name = NewReaderUITests;
			productName = NewReaderUITests;
			productReference = 46D7F9E31E36633300A453E3 /* NewReaderUITests.xctest */;
			productType = "com.apple.product-type.bundle.ui-testing";
		};
/* End PBXNativeTarget section */

/* Begin PBXProject section */
		46D7F9B91E36633200A453E3 /* Project object */ = {
			isa = PBXProject;
			attributes = {
				LastSwiftUpdateCheck = 0820;
				LastUpgradeCheck = 0820;
				ORGANIZATIONNAME = "Abhishek Thapliyal";
				TargetAttributes = {
					46D7F9C01E36633200A453E3 = {
						CreatedOnToolsVersion = 8.2.1;
						ProvisioningStyle = Manual;
					};
					46D7F9D71E36633200A453E3 = {
						CreatedOnToolsVersion = 8.2.1;
						ProvisioningStyle = Automatic;
						TestTargetID = 46D7F9C01E36633200A453E3;
					};
					46D7F9E21E36633300A453E3 = {
						CreatedOnToolsVersion = 8.2.1;
						ProvisioningStyle = Automatic;
						TestTargetID = 46D7F9C01E36633200A453E3;
					};
				};
			};
			buildConfigurationList = 46D7F9BC1E36633200A453E3 /* Build configuration list for PBXProject "NewReader" */;
			compatibilityVersion = "Xcode 3.2";
			developmentRegion = English;
			hasScannedForEncodings = 0;
			knownRegions = (
				en,
				Base,
			);
			mainGroup = 46D7F9B81E36633200A453E3;
			productRefGroup = 46D7F9C21E36633200A453E3 /* Products */;
			projectDirPath = "";
			projectRoot = "";
			targets = (
				46D7F9C01E36633200A453E3 /* NewReader */,
				46D7F9D71E36633200A453E3 /* NewReaderTests */,
				46D7F9E21E36633300A453E3 /* NewReaderUITests */,
			);
		};
/* End PBXProject section */

/* Begin PBXResourcesBuildPhase section */
		46D7F9BF1E36633200A453E3 /* Resources */ = {
			isa = PBXResourcesBuildPhase;
			buildActionMask = 2147483647;
			files = (
				46D7F9D21E36633200A453E3 /* LaunchScreen.storyboard in Resources */,
				46D7F9CF1E36633200A453E3 /* Assets.xcassets in Resources */,
				46D7F9CA1E36633200A453E3 /* Main.storyboard in Resources */,
			);
			runOnlyForDeploymentPostprocessing = 0;
		};
		46D7F9D61E36633200A453E3 /* Resources */ = {
			isa = PBXResourcesBuildPhase;
			buildActionMask = 2147483647;
			files = (
			);
			runOnlyForDeploymentPostprocessing = 0;
		};
		46D7F9E11E36633300A453E3 /* Resources */ = {
			isa = PBXResourcesBuildPhase;
			buildActionMask = 2147483647;
			files = (
			);
			runOnlyForDeploymentPostprocessing = 0;
		};
/* End PBXResourcesBuildPhase section */

/* Begin PBXShellScriptBuildPhase section */
		0C1E3598C1A9CD48E5F3CEAD /* [CP] Check Pods Manifest.lock */ = {
			isa = PBXShellScriptBuildPhase;
			buildActionMask = 2147483647;
			files = (
			);
			inputPaths = (
			);
			name = "[CP] Check Pods Manifest.lock";
			outputPaths = (
			);
			runOnlyForDeploymentPostprocessing = 0;
			shellPath = /bin/sh;
			shellScript = "diff \"${PODS_ROOT}/../Podfile.lock\" \"${PODS_ROOT}/Manifest.lock\" > /dev/null\nif [ $? != 0 ] ; then\n    # print error to STDERR\n    echo \"error: The sandbox is not in sync with the Podfile.lock. Run 'pod install' or update your CocoaPods installation.\" >&2\n    exit 1\nfi\n";
			showEnvVarsInLog = 0;
		};
		1D15ED1523F4A6A3E615C3BF /* [CP] Copy Pods Resources */ = {
			isa = PBXShellScriptBuildPhase;
			buildActionMask = 2147483647;
			files = (
			);
			inputPaths = (
			);
			name = "[CP] Copy Pods Resources";
			outputPaths = (
			);
			runOnlyForDeploymentPostprocessing = 0;
			shellPath = /bin/sh;
			shellScript = "\"${SRCROOT}/Pods/Target Support Files/Pods-NewReaderUITests/Pods-NewReaderUITests-resources.sh\"\n";
			showEnvVarsInLog = 0;
		};
		1F78D5160DA78B1B262C4CA9 /* [CP] Check Pods Manifest.lock */ = {
			isa = PBXShellScriptBuildPhase;
			buildActionMask = 2147483647;
			files = (
			);
			inputPaths = (
			);
			name = "[CP] Check Pods Manifest.lock";
			outputPaths = (
			);
			runOnlyForDeploymentPostprocessing = 0;
			shellPath = /bin/sh;
			shellScript = "diff \"${PODS_ROOT}/../Podfile.lock\" \"${PODS_ROOT}/Manifest.lock\" > /dev/null\nif [ $? != 0 ] ; then\n    # print error to STDERR\n    echo \"error: The sandbox is not in sync with the Podfile.lock. Run 'pod install' or update your CocoaPods installation.\" >&2\n    exit 1\nfi\n";
			showEnvVarsInLog = 0;
		};
		27FC26E737C51DBAB8F1F58B /* [CP] Copy Pods Resources */ = {
			isa = PBXShellScriptBuildPhase;
			buildActionMask = 2147483647;
			files = (
			);
			inputPaths = (
			);
			name = "[CP] Copy Pods Resources";
			outputPaths = (
			);
			runOnlyForDeploymentPostprocessing = 0;
			shellPath = /bin/sh;
			shellScript = "\"${SRCROOT}/Pods/Target Support Files/Pods-NewReaderTests/Pods-NewReaderTests-resources.sh\"\n";
			showEnvVarsInLog = 0;
		};
		5164139B47791903E396EE61 /* [CP] Check Pods Manifest.lock */ = {
			isa = PBXShellScriptBuildPhase;
			buildActionMask = 2147483647;
			files = (
			);
			inputPaths = (
			);
			name = "[CP] Check Pods Manifest.lock";
			outputPaths = (
			);
			runOnlyForDeploymentPostprocessing = 0;
			shellPath = /bin/sh;
			shellScript = "diff \"${PODS_ROOT}/../Podfile.lock\" \"${PODS_ROOT}/Manifest.lock\" > /dev/null\nif [ $? != 0 ] ; then\n    # print error to STDERR\n    echo \"error: The sandbox is not in sync with the Podfile.lock. Run 'pod install' or update your CocoaPods installation.\" >&2\n    exit 1\nfi\n";
			showEnvVarsInLog = 0;
		};
		C2F6984AE4716891AB740C5A /* [CP] Embed Pods Frameworks */ = {
			isa = PBXShellScriptBuildPhase;
			buildActionMask = 2147483647;
			files = (
			);
			inputPaths = (
			);
			name = "[CP] Embed Pods Frameworks";
			outputPaths = (
			);
			runOnlyForDeploymentPostprocessing = 0;
			shellPath = /bin/sh;
			shellScript = "\"${SRCROOT}/Pods/Target Support Files/Pods-NewReader/Pods-NewReader-frameworks.sh\"\n";
			showEnvVarsInLog = 0;
		};
		F512F7DF9C51A7CE5CEC1769 /* [CP] Embed Pods Frameworks */ = {
			isa = PBXShellScriptBuildPhase;
			buildActionMask = 2147483647;
			files = (
			);
			inputPaths = (
			);
			name = "[CP] Embed Pods Frameworks";
			outputPaths = (
			);
			runOnlyForDeploymentPostprocessing = 0;
			shellPath = /bin/sh;
			shellScript = "\"${SRCROOT}/Pods/Target Support Files/Pods-NewReaderUITests/Pods-NewReaderUITests-frameworks.sh\"\n";
			showEnvVarsInLog = 0;
		};
		FD33495917F7607332A6732C /* [CP] Embed Pods Frameworks */ = {
			isa = PBXShellScriptBuildPhase;
			buildActionMask = 2147483647;
			files = (
			);
			inputPaths = (
			);
			name = "[CP] Embed Pods Frameworks";
			outputPaths = (
			);
			runOnlyForDeploymentPostprocessing = 0;
			shellPath = /bin/sh;
			shellScript = "\"${SRCROOT}/Pods/Target Support Files/Pods-NewReaderTests/Pods-NewReaderTests-frameworks.sh\"\n";
			showEnvVarsInLog = 0;
		};
		FE744045D912D0EE8BBD9BC4 /* [CP] Copy Pods Resources */ = {
			isa = PBXShellScriptBuildPhase;
			buildActionMask = 2147483647;
			files = (
			);
			inputPaths = (
			);
			name = "[CP] Copy Pods Resources";
			outputPaths = (
			);
			runOnlyForDeploymentPostprocessing = 0;
			shellPath = /bin/sh;
			shellScript = "\"${SRCROOT}/Pods/Target Support Files/Pods-NewReader/Pods-NewReader-resources.sh\"\n";
			showEnvVarsInLog = 0;
		};
/* End PBXShellScriptBuildPhase section */

/* Begin PBXSourcesBuildPhase section */
		46D7F9BD1E36633200A453E3 /* Sources */ = {
			isa = PBXSourcesBuildPhase;
			buildActionMask = 2147483647;
			files = (
				46D7F9CD1E36633200A453E3 /* NewReader.xcdatamodeld in Sources */,
				46357BD41E37B17200EC489E /* NRArticleCollectionViewCell.swift in Sources */,
				466F6DF21E36705D001FEE5B /* NRArticle.swift in Sources */,
				46D7F9C71E36633200A453E3 /* NRMainVC.swift in Sources */,
				466F6DEE1E3665A7001FEE5B /* NRNetworkManager.swift in Sources */,
				46D7F9C51E36633200A453E3 /* AppDelegate.swift in Sources */,
				46357BD61E37B18300EC489E /* NRSourceCollectionViewCell.swift in Sources */,
				46357BCC1E371B9E00EC489E /* NRArticlesVC.swift in Sources */,
				466F6DF41E3670BE001FEE5B /* NRDBManager.swift in Sources */,
				466F6DF01E366BA1001FEE5B /* NRHTTPResponse.swift in Sources */,
				466F6DF81E3699AA001FEE5B /* NRSource.swift in Sources */,
				466F6DEC1E366557001FEE5B /* NRHTTPRequest.swift in Sources */,
				466CEC381E37D6A9005804CF /* NRArticleDetailVC.swift in Sources */,
				46357BCE1E371BB100EC489E /* NRSourcesVC.swift in Sources */,
			);
			runOnlyForDeploymentPostprocessing = 0;
		};
		46D7F9D41E36633200A453E3 /* Sources */ = {
			isa = PBXSourcesBuildPhase;
			buildActionMask = 2147483647;
			files = (
				46D7F9DD1E36633200A453E3 /* NewReaderTests.swift in Sources */,
			);
			runOnlyForDeploymentPostprocessing = 0;
		};
		46D7F9DF1E36633300A453E3 /* Sources */ = {
			isa = PBXSourcesBuildPhase;
			buildActionMask = 2147483647;
			files = (
				46D7F9E81E36633300A453E3 /* NewReaderUITests.swift in Sources */,
			);
			runOnlyForDeploymentPostprocessing = 0;
		};
/* End PBXSourcesBuildPhase section */

/* Begin PBXTargetDependency section */
		46D7F9DA1E36633200A453E3 /* PBXTargetDependency */ = {
			isa = PBXTargetDependency;
			target = 46D7F9C01E36633200A453E3 /* NewReader */;
			targetProxy = 46D7F9D91E36633200A453E3 /* PBXContainerItemProxy */;
		};
		46D7F9E51E36633300A453E3 /* PBXTargetDependency */ = {
			isa = PBXTargetDependency;
			target = 46D7F9C01E36633200A453E3 /* NewReader */;
			targetProxy = 46D7F9E41E36633300A453E3 /* PBXContainerItemProxy */;
		};
/* End PBXTargetDependency section */

/* Begin PBXVariantGroup section */
		46D7F9C81E36633200A453E3 /* Main.storyboard */ = {
			isa = PBXVariantGroup;
			children = (
				46D7F9C91E36633200A453E3 /* Base */,
			);
			name = Main.storyboard;
			sourceTree = "<group>";
		};
		46D7F9D01E36633200A453E3 /* LaunchScreen.storyboard */ = {
			isa = PBXVariantGroup;
			children = (
				46D7F9D11E36633200A453E3 /* Base */,
			);
			name = LaunchScreen.storyboard;
			sourceTree = "<group>";
		};
/* End PBXVariantGroup section */

/* Begin XCBuildConfiguration section */
		46D7F9EA1E36633300A453E3 /* Debug */ = {
			isa = XCBuildConfiguration;
			buildSettings = {
				ALWAYS_SEARCH_USER_PATHS = NO;
				CLANG_ANALYZER_NONNULL = YES;
				CLANG_CXX_LANGUAGE_STANDARD = "gnu++0x";
				CLANG_CXX_LIBRARY = "libc++";
				CLANG_ENABLE_MODULES = YES;
				CLANG_ENABLE_OBJC_ARC = YES;
				CLANG_WARN_BOOL_CONVERSION = YES;
				CLANG_WARN_CONSTANT_CONVERSION = YES;
				CLANG_WARN_DIRECT_OBJC_ISA_USAGE = YES_ERROR;
				CLANG_WARN_DOCUMENTATION_COMMENTS = YES;
				CLANG_WARN_EMPTY_BODY = YES;
				CLANG_WARN_ENUM_CONVERSION = YES;
				CLANG_WARN_INFINITE_RECURSION = YES;
				CLANG_WARN_INT_CONVERSION = YES;
				CLANG_WARN_OBJC_ROOT_CLASS = YES_ERROR;
				CLANG_WARN_SUSPICIOUS_MOVE = YES;
				CLANG_WARN_UNREACHABLE_CODE = YES;
				CLANG_WARN__DUPLICATE_METHOD_MATCH = YES;
				"CODE_SIGN_IDENTITY[sdk=iphoneos*]" = "iPhone Developer";
				COPY_PHASE_STRIP = NO;
				DEBUG_INFORMATION_FORMAT = dwarf;
				ENABLE_STRICT_OBJC_MSGSEND = YES;
				ENABLE_TESTABILITY = YES;
				GCC_C_LANGUAGE_STANDARD = gnu99;
				GCC_DYNAMIC_NO_PIC = NO;
				GCC_NO_COMMON_BLOCKS = YES;
				GCC_OPTIMIZATION_LEVEL = 0;
				GCC_PREPROCESSOR_DEFINITIONS = (
					"DEBUG=1",
					"$(inherited)",
				);
				GCC_WARN_64_TO_32_BIT_CONVERSION = YES;
				GCC_WARN_ABOUT_RETURN_TYPE = YES_ERROR;
				GCC_WARN_UNDECLARED_SELECTOR = YES;
				GCC_WARN_UNINITIALIZED_AUTOS = YES_AGGRESSIVE;
				GCC_WARN_UNUSED_FUNCTION = YES;
				GCC_WARN_UNUSED_VARIABLE = YES;
				IPHONEOS_DEPLOYMENT_TARGET = 10.2;
				MTL_ENABLE_DEBUG_INFO = YES;
				ONLY_ACTIVE_ARCH = YES;
				SDKROOT = iphoneos;
				SWIFT_ACTIVE_COMPILATION_CONDITIONS = DEBUG;
				SWIFT_OPTIMIZATION_LEVEL = "-Onone";
				TARGETED_DEVICE_FAMILY = "1,2";
			};
			name = Debug;
		};
		46D7F9EB1E36633300A453E3 /* Release */ = {
			isa = XCBuildConfiguration;
			buildSettings = {
				ALWAYS_SEARCH_USER_PATHS = NO;
				CLANG_ANALYZER_NONNULL = YES;
				CLANG_CXX_LANGUAGE_STANDARD = "gnu++0x";
				CLANG_CXX_LIBRARY = "libc++";
				CLANG_ENABLE_MODULES = YES;
				CLANG_ENABLE_OBJC_ARC = YES;
				CLANG_WARN_BOOL_CONVERSION = YES;
				CLANG_WARN_CONSTANT_CONVERSION = YES;
				CLANG_WARN_DIRECT_OBJC_ISA_USAGE = YES_ERROR;
				CLANG_WARN_DOCUMENTATION_COMMENTS = YES;
				CLANG_WARN_EMPTY_BODY = YES;
				CLANG_WARN_ENUM_CONVERSION = YES;
				CLANG_WARN_INFINITE_RECURSION = YES;
				CLANG_WARN_INT_CONVERSION = YES;
				CLANG_WARN_OBJC_ROOT_CLASS = YES_ERROR;
				CLANG_WARN_SUSPICIOUS_MOVE = YES;
				CLANG_WARN_UNREACHABLE_CODE = YES;
				CLANG_WARN__DUPLICATE_METHOD_MATCH = YES;
				"CODE_SIGN_IDENTITY[sdk=iphoneos*]" = "iPhone Developer";
				COPY_PHASE_STRIP = NO;
				DEBUG_INFORMATION_FORMAT = "dwarf-with-dsym";
				ENABLE_NS_ASSERTIONS = NO;
				ENABLE_STRICT_OBJC_MSGSEND = YES;
				GCC_C_LANGUAGE_STANDARD = gnu99;
				GCC_NO_COMMON_BLOCKS = YES;
				GCC_WARN_64_TO_32_BIT_CONVERSION = YES;
				GCC_WARN_ABOUT_RETURN_TYPE = YES_ERROR;
				GCC_WARN_UNDECLARED_SELECTOR = YES;
				GCC_WARN_UNINITIALIZED_AUTOS = YES_AGGRESSIVE;
				GCC_WARN_UNUSED_FUNCTION = YES;
				GCC_WARN_UNUSED_VARIABLE = YES;
				IPHONEOS_DEPLOYMENT_TARGET = 10.2;
				MTL_ENABLE_DEBUG_INFO = NO;
				SDKROOT = iphoneos;
				SWIFT_OPTIMIZATION_LEVEL = "-Owholemodule";
				TARGETED_DEVICE_FAMILY = "1,2";
				VALIDATE_PRODUCT = YES;
			};
			name = Release;
		};
		46D7F9ED1E36633300A453E3 /* Debug */ = {
			isa = XCBuildConfiguration;
			baseConfigurationReference = 83C66AED5ECF240AE3852510 /* Pods-NewReader.debug.xcconfig */;
			buildSettings = {
				ASSETCATALOG_COMPILER_APPICON_NAME = AppIcon;
				DEVELOPMENT_TEAM = "";
				INFOPLIST_FILE = NewReader/Info.plist;
				IPHONEOS_DEPLOYMENT_TARGET = 10.1;
				LD_RUNPATH_SEARCH_PATHS = "$(inherited) @executable_path/Frameworks";
				PRODUCT_BUNDLE_IDENTIFIER = Marvel.NewReader;
				PRODUCT_NAME = "$(TARGET_NAME)";
				SWIFT_VERSION = 3.0;
			};
			name = Debug;
		};
		46D7F9EE1E36633300A453E3 /* Release */ = {
			isa = XCBuildConfiguration;
			baseConfigurationReference = D03C843EA7DA77DB42E5C4D4 /* Pods-NewReader.release.xcconfig */;
			buildSettings = {
				ASSETCATALOG_COMPILER_APPICON_NAME = AppIcon;
				DEVELOPMENT_TEAM = "";
				INFOPLIST_FILE = NewReader/Info.plist;
				IPHONEOS_DEPLOYMENT_TARGET = 10.1;
				LD_RUNPATH_SEARCH_PATHS = "$(inherited) @executable_path/Frameworks";
				PRODUCT_BUNDLE_IDENTIFIER = Marvel.NewReader;
				PRODUCT_NAME = "$(TARGET_NAME)";
				SWIFT_VERSION = 3.0;
			};
			name = Release;
		};
		46D7F9F01E36633300A453E3 /* Debug */ = {
			isa = XCBuildConfiguration;
			baseConfigurationReference = F46571411811156148B01A2B /* Pods-NewReaderTests.debug.xcconfig */;
			buildSettings = {
				ALWAYS_EMBED_SWIFT_STANDARD_LIBRARIES = YES;
				BUNDLE_LOADER = "$(TEST_HOST)";
				INFOPLIST_FILE = NewReaderTests/Info.plist;
				LD_RUNPATH_SEARCH_PATHS = "$(inherited) @executable_path/Frameworks @loader_path/Frameworks";
				PRODUCT_BUNDLE_IDENTIFIER = Marvel.NewReaderTests;
				PRODUCT_NAME = "$(TARGET_NAME)";
				SWIFT_VERSION = 3.0;
				TEST_HOST = "$(BUILT_PRODUCTS_DIR)/NewReader.app/NewReader";
			};
			name = Debug;
		};
		46D7F9F11E36633300A453E3 /* Release */ = {
			isa = XCBuildConfiguration;
			baseConfigurationReference = 8CC3785184199C4D721B4327 /* Pods-NewReaderTests.release.xcconfig */;
			buildSettings = {
				ALWAYS_EMBED_SWIFT_STANDARD_LIBRARIES = YES;
				BUNDLE_LOADER = "$(TEST_HOST)";
				INFOPLIST_FILE = NewReaderTests/Info.plist;
				LD_RUNPATH_SEARCH_PATHS = "$(inherited) @executable_path/Frameworks @loader_path/Frameworks";
				PRODUCT_BUNDLE_IDENTIFIER = Marvel.NewReaderTests;
				PRODUCT_NAME = "$(TARGET_NAME)";
				SWIFT_VERSION = 3.0;
				TEST_HOST = "$(BUILT_PRODUCTS_DIR)/NewReader.app/NewReader";
			};
			name = Release;
		};
		46D7F9F31E36633300A453E3 /* Debug */ = {
			isa = XCBuildConfiguration;
			baseConfigurationReference = B70BA6C8F2DDFE3627CD9FFD /* Pods-NewReaderUITests.debug.xcconfig */;
			buildSettings = {
				ALWAYS_EMBED_SWIFT_STANDARD_LIBRARIES = YES;
				INFOPLIST_FILE = NewReaderUITests/Info.plist;
				LD_RUNPATH_SEARCH_PATHS = "$(inherited) @executable_path/Frameworks @loader_path/Frameworks";
				PRODUCT_BUNDLE_IDENTIFIER = Marvel.NewReaderUITests;
				PRODUCT_NAME = "$(TARGET_NAME)";
				SWIFT_VERSION = 3.0;
				TEST_TARGET_NAME = NewReader;
			};
			name = Debug;
		};
		46D7F9F41E36633300A453E3 /* Release */ = {
			isa = XCBuildConfiguration;
			baseConfigurationReference = 581D293BAEFE9EEEAE56D959 /* Pods-NewReaderUITests.release.xcconfig */;
			buildSettings = {
				ALWAYS_EMBED_SWIFT_STANDARD_LIBRARIES = YES;
				INFOPLIST_FILE = NewReaderUITests/Info.plist;
				LD_RUNPATH_SEARCH_PATHS = "$(inherited) @executable_path/Frameworks @loader_path/Frameworks";
				PRODUCT_BUNDLE_IDENTIFIER = Marvel.NewReaderUITests;
				PRODUCT_NAME = "$(TARGET_NAME)";
				SWIFT_VERSION = 3.0;
				TEST_TARGET_NAME = NewReader;
			};
			name = Release;
		};
/* End XCBuildConfiguration section */

/* Begin XCConfigurationList section */
		46D7F9BC1E36633200A453E3 /* Build configuration list for PBXProject "NewReader" */ = {
			isa = XCConfigurationList;
			buildConfigurations = (
				46D7F9EA1E36633300A453E3 /* Debug */,
				46D7F9EB1E36633300A453E3 /* Release */,
			);
			defaultConfigurationIsVisible = 0;
			defaultConfigurationName = Release;
		};
		46D7F9EC1E36633300A453E3 /* Build configuration list for PBXNativeTarget "NewReader" */ = {
			isa = XCConfigurationList;
			buildConfigurations = (
				46D7F9ED1E36633300A453E3 /* Debug */,
				46D7F9EE1E36633300A453E3 /* Release */,
			);
			defaultConfigurationIsVisible = 0;
			defaultConfigurationName = Release;
		};
		46D7F9EF1E36633300A453E3 /* Build configuration list for PBXNativeTarget "NewReaderTests" */ = {
			isa = XCConfigurationList;
			buildConfigurations = (
				46D7F9F01E36633300A453E3 /* Debug */,
				46D7F9F11E36633300A453E3 /* Release */,
			);
			defaultConfigurationIsVisible = 0;
			defaultConfigurationName = Release;
		};
		46D7F9F21E36633300A453E3 /* Build configuration list for PBXNativeTarget "NewReaderUITests" */ = {
			isa = XCConfigurationList;
			buildConfigurations = (
				46D7F9F31E36633300A453E3 /* Debug */,
				46D7F9F41E36633300A453E3 /* Release */,
			);
			defaultConfigurationIsVisible = 0;
			defaultConfigurationName = Release;
		};
/* End XCConfigurationList section */

/* Begin XCVersionGroup section */
		46D7F9CB1E36633200A453E3 /* NewReader.xcdatamodeld */ = {
			isa = XCVersionGroup;
			children = (
				46D7F9CC1E36633200A453E3 /* NewReader.xcdatamodel */,
			);
			currentVersion = 46D7F9CC1E36633200A453E3 /* NewReader.xcdatamodel */;
			path = NewReader.xcdatamodeld;
			sourceTree = "<group>";
			versionGroupType = wrapper.xcdatamodel;
		};
/* End XCVersionGroup section */
	};
	rootObject = 46D7F9B91E36633200A453E3 /* Project object */;
}
